
Microsoft Visual Studio Solution File, Format Version 12.00
# Visual Studio Version 16
VisualStudioVersion = 25.0.1706.6
MinimumVisualStudioVersion = 10.0.40219.1
Project("{FAE04EC0-301F-11D3-BF4B-00C04F79EFBC}") = "eggplants", "eggplants.csproj", "{1885790F-0557-4C4F-B8BE-E8969094C782}"
EndProject
Global
	GlobalSection(SolutionConfigurationPlatforms) = preSolution
		Debug|Any CPU = Debug|Any CPU
		Release|Any CPU = Release|Any CPU
	EndGlobalSection
	GlobalSection(ProjectConfigurationPlatforms) = postSolution
		{1885790F-0557-4C4F-B8BE-E8969094C782}.Debug|Any CPU.ActiveCfg = Debug|Any CPU
		{1885790F-0557-4C4F-B8BE-E8969094C782}.Debug|Any CPU.Build.0 = Debug|Any CPU
		{1885790F-0557-4C4F-B8BE-E8969094C782}.Release|Any CPU.ActiveCfg = Release|Any CPU
		{1885790F-0557-4C4F-B8BE-E8969094C782}.Release|Any CPU.Build.0 = Release|Any CPU
	EndGlobalSection
	GlobalSection(SolutionProperties) = preSolution
		HideSolutionNode = FALSE
	EndGlobalSection
	GlobalSection(ExtensibilityGlobals) = postSolution
		SolutionGuid = {3CEE42F0-96CD-4E08-A357-C068FCD04332}
	EndGlobalSection
EndGlobal
